
Microsoft Visual Studio Solution File, Format Version 12.00
# Visual Studio Version 17
VisualStudioVersion = 17.10.35122.118
MinimumVisualStudioVersion = 10.0.40219.1
Project("{2150E333-8FDC-42A3-9474-1A3956D46DE8}") = "src", "src", "{2205B9D1-425D-461C-B4AC-86F011F8DCA3}"
EndProject
Project("{2150E333-8FDC-42A3-9474-1A3956D46DE8}") = "BuildingBlocks", "BuildingBlocks", "{DDB8F170-C7AB-4258-ACA0-0FAE4B02B378}"
EndProject
Project("{2150E333-8FDC-42A3-9474-1A3956D46DE8}") = "Modules", "Modules", "{2FA2EEED-8C59-4F7D-A407-756020E9ED4B}"
EndProject
Project("{2150E333-8FDC-42A3-9474-1A3956D46DE8}") = "API", "API", "{47A5F721-25CA-403B-8833-B46AB82CF157}"
EndProject
Project("{9A19103F-16F7-4668-BE54-9A1E7A4F7556}") = "app.API", "src\API\app.API\app.API.csproj", "{D7C097CC-E613-4979-BB70-C177F2E2A952}"
EndProject
Project("{2150E333-8FDC-42A3-9474-1A3956D46DE8}") = "Accounting", "Accounting", "{3B1E48A1-D58D-42F7-905B-1BB4CBF0A6DF}"
EndProject
Project("{9A19103F-16F7-4668-BE54-9A1E7A4F7556}") = "Accounting.Application", "src\Modules\Accounting\Application\Accounting.Application.csproj", "{1B3FEB9E-8F8D-4889-B1CA-90F4022FA246}"
EndProject
Project("{9A19103F-16F7-4668-BE54-9A1E7A4F7556}") = "Accounting.Domain", "src\Modules\Accounting\Domain\Accounting.Domain.csproj", "{8308C72F-4129-443E-9609-72EA95B94A79}"
EndProject
Project("{9A19103F-16F7-4668-BE54-9A1E7A4F7556}") = "Accounting.Infrastructure", "src\Modules\Accounting\Infrastructure\Accounting.Infrastructure.csproj", "{F90D971F-CCCA-4419-A99E-77C789B26D97}"
EndProject
Project("{9A19103F-16F7-4668-BE54-9A1E7A4F7556}") = "Domain", "src\BuildingBlocks\Domain\Domain.csproj", "{69F0C638-7B9C-4E5F-8473-5C6CD423E798}"
EndProject
Project("{9A19103F-16F7-4668-BE54-9A1E7A4F7556}") = "Application", "src\BuildingBlocks\Application\Application.csproj", "{F9336742-D54E-4F08-92AA-B7A3A36A203A}"
EndProject
Project("{FAE04EC0-301F-11D3-BF4B-00C04F79EFBC}") = "Infrastructure", "src\BuildingBlocks\Infrastructure\Infrastructure.csproj", "{505DFD18-9667-4C2C-96C5-61260F621F83}"
EndProject
Global
	GlobalSection(SolutionConfigurationPlatforms) = preSolution
		Debug|Any CPU = Debug|Any CPU
		Release|Any CPU = Release|Any CPU
	EndGlobalSection
	GlobalSection(ProjectConfigurationPlatforms) = postSolution
		{D7C097CC-E613-4979-BB70-C177F2E2A952}.Debug|Any CPU.ActiveCfg = Debug|Any CPU
		{D7C097CC-E613-4979-BB70-C177F2E2A952}.Debug|Any CPU.Build.0 = Debug|Any CPU
		{D7C097CC-E613-4979-BB70-C177F2E2A952}.Release|Any CPU.ActiveCfg = Release|Any CPU
		{D7C097CC-E613-4979-BB70-C177F2E2A952}.Release|Any CPU.Build.0 = Release|Any CPU
		{1B3FEB9E-8F8D-4889-B1CA-90F4022FA246}.Debug|Any CPU.ActiveCfg = Debug|Any CPU
		{1B3FEB9E-8F8D-4889-B1CA-90F4022FA246}.Debug|Any CPU.Build.0 = Debug|Any CPU
		{1B3FEB9E-8F8D-4889-B1CA-90F4022FA246}.Release|Any CPU.ActiveCfg = Release|Any CPU
		{1B3FEB9E-8F8D-4889-B1CA-90F4022FA246}.Release|Any CPU.Build.0 = Release|Any CPU
		{8308C72F-4129-443E-9609-72EA95B94A79}.Debug|Any CPU.ActiveCfg = Debug|Any CPU
		{8308C72F-4129-443E-9609-72EA95B94A79}.Debug|Any CPU.Build.0 = Debug|Any CPU
		{8308C72F-4129-443E-9609-72EA95B94A79}.Release|Any CPU.ActiveCfg = Release|Any CPU
		{8308C72F-4129-443E-9609-72EA95B94A79}.Release|Any CPU.Build.0 = Release|Any CPU
		{F90D971F-CCCA-4419-A99E-77C789B26D97}.Debug|Any CPU.ActiveCfg = Debug|Any CPU
		{F90D971F-CCCA-4419-A99E-77C789B26D97}.Debug|Any CPU.Build.0 = Debug|Any CPU
		{F90D971F-CCCA-4419-A99E-77C789B26D97}.Release|Any CPU.ActiveCfg = Release|Any CPU
		{F90D971F-CCCA-4419-A99E-77C789B26D97}.Release|Any CPU.Build.0 = Release|Any CPU
		{69F0C638-7B9C-4E5F-8473-5C6CD423E798}.Debug|Any CPU.ActiveCfg = Debug|Any CPU
		{69F0C638-7B9C-4E5F-8473-5C6CD423E798}.Debug|Any CPU.Build.0 = Debug|Any CPU
		{69F0C638-7B9C-4E5F-8473-5C6CD423E798}.Release|Any CPU.ActiveCfg = Release|Any CPU
		{69F0C638-7B9C-4E5F-8473-5C6CD423E798}.Release|Any CPU.Build.0 = Release|Any CPU
		{F9336742-D54E-4F08-92AA-B7A3A36A203A}.Debug|Any CPU.ActiveCfg = Debug|Any CPU
		{F9336742-D54E-4F08-92AA-B7A3A36A203A}.Debug|Any CPU.Build.0 = Debug|Any CPU
		{F9336742-D54E-4F08-92AA-B7A3A36A203A}.Release|Any CPU.ActiveCfg = Release|Any CPU
		{F9336742-D54E-4F08-92AA-B7A3A36A203A}.Release|Any CPU.Build.0 = Release|Any CPU
		{505DFD18-9667-4C2C-96C5-61260F621F83}.Debug|Any CPU.ActiveCfg = Debug|Any CPU
		{505DFD18-9667-4C2C-96C5-61260F621F83}.Debug|Any CPU.Build.0 = Debug|Any CPU
		{505DFD18-9667-4C2C-96C5-61260F621F83}.Release|Any CPU.ActiveCfg = Release|Any CPU
		{505DFD18-9667-4C2C-96C5-61260F621F83}.Release|Any CPU.Build.0 = Release|Any CPU
	EndGlobalSection
	GlobalSection(SolutionProperties) = preSolution
		HideSolutionNode = FALSE
	EndGlobalSection
	GlobalSection(NestedProjects) = preSolution
		{DDB8F170-C7AB-4258-ACA0-0FAE4B02B378} = {2205B9D1-425D-461C-B4AC-86F011F8DCA3}
		{2FA2EEED-8C59-4F7D-A407-756020E9ED4B} = {2205B9D1-425D-461C-B4AC-86F011F8DCA3}
		{47A5F721-25CA-403B-8833-B46AB82CF157} = {2205B9D1-425D-461C-B4AC-86F011F8DCA3}
		{D7C097CC-E613-4979-BB70-C177F2E2A952} = {47A5F721-25CA-403B-8833-B46AB82CF157}
		{3B1E48A1-D58D-42F7-905B-1BB4CBF0A6DF} = {2FA2EEED-8C59-4F7D-A407-756020E9ED4B}
		{1B3FEB9E-8F8D-4889-B1CA-90F4022FA246} = {3B1E48A1-D58D-42F7-905B-1BB4CBF0A6DF}
		{8308C72F-4129-443E-9609-72EA95B94A79} = {3B1E48A1-D58D-42F7-905B-1BB4CBF0A6DF}
		{F90D971F-CCCA-4419-A99E-77C789B26D97} = {3B1E48A1-D58D-42F7-905B-1BB4CBF0A6DF}
		{69F0C638-7B9C-4E5F-8473-5C6CD423E798} = {DDB8F170-C7AB-4258-ACA0-0FAE4B02B378}
		{F9336742-D54E-4F08-92AA-B7A3A36A203A} = {DDB8F170-C7AB-4258-ACA0-0FAE4B02B378}
		{505DFD18-9667-4C2C-96C5-61260F621F83} = {DDB8F170-C7AB-4258-ACA0-0FAE4B02B378}
	EndGlobalSection
	GlobalSection(ExtensibilityGlobals) = postSolution
		SolutionGuid = {301E9A6B-6296-42DB-A3B3-65C40C4BE4B4}
	EndGlobalSection
EndGlobal
